
Microsoft Visual Studio Solution File, Format Version 12.00
# Visual Studio Version 17
VisualStudioVersion = 17.2.32505.173
MinimumVisualStudioVersion = 10.0.40219.1
Project("{FAE04EC0-301F-11D3-BF4B-00C04F79EFBC}") = "QuadraticEquation(Zarubin-Krafton)", "QuadraticEquation(Zarubin-Krafton).csproj", "{1DC8412D-EDB0-49E8-A404-CA48FF63E540}"
EndProject
Global
	GlobalSection(SolutionConfigurationPlatforms) = preSolution
		Debug|Any CPU = Debug|Any CPU
		Release|Any CPU = Release|Any CPU
	EndGlobalSection
	GlobalSection(ProjectConfigurationPlatforms) = postSolution
		{1DC8412D-EDB0-49E8-A404-CA48FF63E540}.Debug|Any CPU.ActiveCfg = Debug|Any CPU
		{1DC8412D-EDB0-49E8-A404-CA48FF63E540}.Debug|Any CPU.Build.0 = Debug|Any CPU
		{1DC8412D-EDB0-49E8-A404-CA48FF63E540}.Release|Any CPU.ActiveCfg = Release|Any CPU
		{1DC8412D-EDB0-49E8-A404-CA48FF63E540}.Release|Any CPU.Build.0 = Release|Any CPU
	EndGlobalSection
	GlobalSection(SolutionProperties) = preSolution
		HideSolutionNode = FALSE
	EndGlobalSection
	GlobalSection(ExtensibilityGlobals) = postSolution
		SolutionGuid = {5D951AC3-3055-4FDD-A80F-A9B2367C6FE9}
	EndGlobalSection
EndGlobal
